
Microsoft Visual Studio Solution File, Format Version 12.00
# Visual Studio 14
VisualStudioVersion = 14.0.25420.1
MinimumVisualStudioVersion = 10.0.40219.1
Project("{FAE04EC0-301F-11D3-BF4B-00C04F79EFBC}") = "CredDefense", "CredDefense\CredDefense.csproj", "{A06EC81A-955C-4AC6-913B-88ACE6DB8915}"
	ProjectSection(ProjectDependencies) = postProject
		{7D47F040-D3A9-43CA-9F69-EF91FAF2C23A} = {7D47F040-D3A9-43CA-9F69-EF91FAF2C23A}
		{A70A6658-DD67-4C73-AB9A-581465137C6B} = {A70A6658-DD67-4C73-AB9A-581465137C6B}
		{76836DB9-4753-413B-BD36-73E0C37795D5} = {76836DB9-4753-413B-BD36-73E0C37795D5}
	EndProjectSection
EndProject
Project("{8BC9CEB8-8B4A-11D0-8D11-00A0C91BC942}") = "EasyPasswordFilter", "EPF\EasyPasswordFilter\EasyPasswordFilter.vcxproj", "{76836DB9-4753-413B-BD36-73E0C37795D5}"
EndProject
Project("{FAE04EC0-301F-11D3-BF4B-00C04F79EFBC}") = "DSInternals.Common", "DSInternals.Common\DSInternals.Common.csproj", "{7D47F040-D3A9-43CA-9F69-EF91FAF2C23A}"
EndProject
Project("{FAE04EC0-301F-11D3-BF4B-00C04F79EFBC}") = "DSInternals.Replication", "DSInternals.Replication\DSInternals.Replication.csproj", "{2EE0D48F-65BA-4D4F-A8E1-FC01349BA786}"
EndProject
Project("{8BC9CEB8-8B4A-11D0-8D11-00A0C91BC942}") = "DSInternals.Replication.Interop", "DSInternals.Replication.Interop\DSInternals.Replication.Interop.vcxproj", "{A70A6658-DD67-4C73-AB9A-581465137C6B}"
EndProject
Project("{FAE04EC0-301F-11D3-BF4B-00C04F79EFBC}") = "DSInternals.Replication.Model", "DSInternals.Replication.Model\DSInternals.Replication.Model.csproj", "{0BCA513C-5F12-48B6-8288-D3A95EC2994A}"
EndProject
Global
	GlobalSection(SolutionConfigurationPlatforms) = preSolution
		Debug|Any CPU = Debug|Any CPU
		Debug|x64 = Debug|x64
		Debug|x86 = Debug|x86
		Release|Any CPU = Release|Any CPU
		Release|x64 = Release|x64
		Release|x86 = Release|x86
	EndGlobalSection
	GlobalSection(ProjectConfigurationPlatforms) = postSolution
		{A06EC81A-955C-4AC6-913B-88ACE6DB8915}.Debug|Any CPU.ActiveCfg = Debug|Any CPU
		{A06EC81A-955C-4AC6-913B-88ACE6DB8915}.Debug|Any CPU.Build.0 = Debug|Any CPU
		{A06EC81A-955C-4AC6-913B-88ACE6DB8915}.Debug|x64.ActiveCfg = Debug|Any CPU
		{A06EC81A-955C-4AC6-913B-88ACE6DB8915}.Debug|x64.Build.0 = Debug|Any CPU
		{A06EC81A-955C-4AC6-913B-88ACE6DB8915}.Debug|x86.ActiveCfg = Debug|Any CPU
		{A06EC81A-955C-4AC6-913B-88ACE6DB8915}.Debug|x86.Build.0 = Debug|Any CPU
		{A06EC81A-955C-4AC6-913B-88ACE6DB8915}.Release|Any CPU.ActiveCfg = Release|Any CPU
		{A06EC81A-955C-4AC6-913B-88ACE6DB8915}.Release|Any CPU.Build.0 = Release|Any CPU
		{A06EC81A-955C-4AC6-913B-88ACE6DB8915}.Release|x64.ActiveCfg = Release|x64
		{A06EC81A-955C-4AC6-913B-88ACE6DB8915}.Release|x64.Build.0 = Release|x64
		{A06EC81A-955C-4AC6-913B-88ACE6DB8915}.Release|x86.ActiveCfg = Release|x86
		{A06EC81A-955C-4AC6-913B-88ACE6DB8915}.Release|x86.Build.0 = Release|x86
		{76836DB9-4753-413B-BD36-73E0C37795D5}.Debug|Any CPU.ActiveCfg = Release|x64
		{76836DB9-4753-413B-BD36-73E0C37795D5}.Debug|Any CPU.Build.0 = Release|x64
		{76836DB9-4753-413B-BD36-73E0C37795D5}.Debug|x64.ActiveCfg = Release|x64
		{76836DB9-4753-413B-BD36-73E0C37795D5}.Debug|x64.Build.0 = Release|x64
		{76836DB9-4753-413B-BD36-73E0C37795D5}.Debug|x86.ActiveCfg = Release|Win32
		{76836DB9-4753-413B-BD36-73E0C37795D5}.Debug|x86.Build.0 = Release|Win32
		{76836DB9-4753-413B-BD36-73E0C37795D5}.Release|Any CPU.ActiveCfg = Release|x64
		{76836DB9-4753-413B-BD36-73E0C37795D5}.Release|Any CPU.Build.0 = Release|x64
		{76836DB9-4753-413B-BD36-73E0C37795D5}.Release|x64.ActiveCfg = Release|x64
		{76836DB9-4753-413B-BD36-73E0C37795D5}.Release|x64.Build.0 = Release|x64
		{76836DB9-4753-413B-BD36-73E0C37795D5}.Release|x86.ActiveCfg = Release|x64
		{76836DB9-4753-413B-BD36-73E0C37795D5}.Release|x86.Build.0 = Release|x64
		{7D47F040-D3A9-43CA-9F69-EF91FAF2C23A}.Debug|Any CPU.ActiveCfg = Debug|Any CPU
		{7D47F040-D3A9-43CA-9F69-EF91FAF2C23A}.Debug|Any CPU.Build.0 = Debug|Any CPU
		{7D47F040-D3A9-43CA-9F69-EF91FAF2C23A}.Debug|x64.ActiveCfg = Debug|Any CPU
		{7D47F040-D3A9-43CA-9F69-EF91FAF2C23A}.Debug|x64.Build.0 = Debug|Any CPU
		{7D47F040-D3A9-43CA-9F69-EF91FAF2C23A}.Debug|x86.ActiveCfg = Debug|Any CPU
		{7D47F040-D3A9-43CA-9F69-EF91FAF2C23A}.Debug|x86.Build.0 = Debug|Any CPU
		{7D47F040-D3A9-43CA-9F69-EF91FAF2C23A}.Release|Any CPU.ActiveCfg = Release|Any CPU
		{7D47F040-D3A9-43CA-9F69-EF91FAF2C23A}.Release|Any CPU.Build.0 = Release|Any CPU
		{7D47F040-D3A9-43CA-9F69-EF91FAF2C23A}.Release|x64.ActiveCfg = Release|Any CPU
		{7D47F040-D3A9-43CA-9F69-EF91FAF2C23A}.Release|x64.Build.0 = Release|Any CPU
		{7D47F040-D3A9-43CA-9F69-EF91FAF2C23A}.Release|x86.ActiveCfg = Release|Any CPU
		{7D47F040-D3A9-43CA-9F69-EF91FAF2C23A}.Release|x86.Build.0 = Release|Any CPU
		{2EE0D48F-65BA-4D4F-A8E1-FC01349BA786}.Debug|Any CPU.ActiveCfg = Debug|Any CPU
		{2EE0D48F-65BA-4D4F-A8E1-FC01349BA786}.Debug|Any CPU.Build.0 = Debug|Any CPU
		{2EE0D48F-65BA-4D4F-A8E1-FC01349BA786}.Debug|x64.ActiveCfg = Debug|Any CPU
		{2EE0D48F-65BA-4D4F-A8E1-FC01349BA786}.Debug|x64.Build.0 = Debug|Any CPU
		{2EE0D48F-65BA-4D4F-A8E1-FC01349BA786}.Debug|x86.ActiveCfg = Debug|Any CPU
		{2EE0D48F-65BA-4D4F-A8E1-FC01349BA786}.Debug|x86.Build.0 = Debug|Any CPU
		{2EE0D48F-65BA-4D4F-A8E1-FC01349BA786}.Release|Any CPU.ActiveCfg = Release|Any CPU
		{2EE0D48F-65BA-4D4F-A8E1-FC01349BA786}.Release|Any CPU.Build.0 = Release|Any CPU
		{2EE0D48F-65BA-4D4F-A8E1-FC01349BA786}.Release|x64.ActiveCfg = Release|Any CPU
		{2EE0D48F-65BA-4D4F-A8E1-FC01349BA786}.Release|x64.Build.0 = Release|Any CPU
		{2EE0D48F-65BA-4D4F-A8E1-FC01349BA786}.Release|x86.ActiveCfg = Release|Any CPU
		{2EE0D48F-65BA-4D4F-A8E1-FC01349BA786}.Release|x86.Build.0 = Release|Any CPU
		{A70A6658-DD67-4C73-AB9A-581465137C6B}.Debug|Any CPU.ActiveCfg = Debug|Win32
		{A70A6658-DD67-4C73-AB9A-581465137C6B}.Debug|x64.ActiveCfg = Debug|x64
		{A70A6658-DD67-4C73-AB9A-581465137C6B}.Debug|x64.Build.0 = Debug|x64
		{A70A6658-DD67-4C73-AB9A-581465137C6B}.Debug|x86.ActiveCfg = Debug|Win32
		{A70A6658-DD67-4C73-AB9A-581465137C6B}.Debug|x86.Build.0 = Debug|Win32
		{A70A6658-DD67-4C73-AB9A-581465137C6B}.Release|Any CPU.ActiveCfg = Release|Win32
		{A70A6658-DD67-4C73-AB9A-581465137C6B}.Release|x64.ActiveCfg = Release|x64
		{A70A6658-DD67-4C73-AB9A-581465137C6B}.Release|x64.Build.0 = Release|x64
		{A70A6658-DD67-4C73-AB9A-581465137C6B}.Release|x86.ActiveCfg = Release|Win32
		{A70A6658-DD67-4C73-AB9A-581465137C6B}.Release|x86.Build.0 = Release|Win32
		{0BCA513C-5F12-48B6-8288-D3A95EC2994A}.Debug|Any CPU.ActiveCfg = Debug|Any CPU
		{0BCA513C-5F12-48B6-8288-D3A95EC2994A}.Debug|Any CPU.Build.0 = Debug|Any CPU
		{0BCA513C-5F12-48B6-8288-D3A95EC2994A}.Debug|x64.ActiveCfg = Debug|Any CPU
		{0BCA513C-5F12-48B6-8288-D3A95EC2994A}.Debug|x64.Build.0 = Debug|Any CPU
		{0BCA513C-5F12-48B6-8288-D3A95EC2994A}.Debug|x86.ActiveCfg = Debug|Any CPU
		{0BCA513C-5F12-48B6-8288-D3A95EC2994A}.Debug|x86.Build.0 = Debug|Any CPU
		{0BCA513C-5F12-48B6-8288-D3A95EC2994A}.Release|Any CPU.ActiveCfg = Release|Any CPU
		{0BCA513C-5F12-48B6-8288-D3A95EC2994A}.Release|Any CPU.Build.0 = Release|Any CPU
		{0BCA513C-5F12-48B6-8288-D3A95EC2994A}.Release|x64.ActiveCfg = Release|Any CPU
		{0BCA513C-5F12-48B6-8288-D3A95EC2994A}.Release|x64.Build.0 = Release|Any CPU
		{0BCA513C-5F12-48B6-8288-D3A95EC2994A}.Release|x86.ActiveCfg = Release|Any CPU
		{0BCA513C-5F12-48B6-8288-D3A95EC2994A}.Release|x86.Build.0 = Release|Any CPU
	EndGlobalSection
	GlobalSection(SolutionProperties) = preSolution
		HideSolutionNode = FALSE
	EndGlobalSection
EndGlobal
